<?xml version="1.0" encoding="UTF-8" standalone="yes" ?>
<CodeBlocks_project_file>
	<FileVersion major="1" minor="6" />
	<Project>
		<Option title="qb" />
		<Option pch_mode="2" />
		<Option compiler="gcc" />
		<Build>
			<Target title="Debug">
				<Option output="bin/qb" prefix_auto="1" extension_auto="1" />
				<Option object_output="obj" />
				<Option type="1" />
				<Option compiler="gcc" />
				<Compiler>
					<Add option="-Wall" />
					<Add option="-g" />
				</Compiler>
				<Linker>
					<Add option="-static -s" />
				</Linker>
			</Target>
			<Target title="Release">
				<Option output="bin/qb" prefix_auto="1" extension_auto="1" />
				<Option object_output="obj/" />
				<Option type="1" />
				<Option compiler="gcc" />
				<Compiler>
					<Add option="-O2" />
					<Add option="-Wall" />
					<Add option="-march=x86-64" />
					<Add option="-fstack-protector-all -Wno-unused-result" />
				</Compiler>
				<Linker>
					<Add option="-s" />
					<Add option="-static -s" />
				</Linker>
				<ExtraCommands>
					<Add before="cd src;./buildinc" />
					<Add after="rm ./qb.depend" />
				</ExtraCommands>
			</Target>
		</Build>
		<Compiler>
			<Add option="-Wall" />
			<Add option="-fexceptions" />
		</Compiler>
		<Unit filename="src/archive.cc" />
		<Unit filename="src/archive.h" />
		<Unit filename="src/bnode.cc" />
		<Unit filename="src/bnode.h" />
		<Unit filename="src/buffers.cc" />
		<Unit filename="src/buffers.h" />
		<Unit filename="src/canonicalize.cc" />
		<Unit filename="src/canonicalize.h" />
		<Unit filename="src/convert.cc" />
		<Unit filename="src/convert.h" />
		<Unit filename="src/etc.cc" />
		<Unit filename="src/etc.h" />
		<Unit filename="src/fnode.cc" />
		<Unit filename="src/fnode.h" />
		<Unit filename="src/ftree.cc" />
		<Unit filename="src/ftree.h" />
		<Unit filename="src/globfunction.cc" />
		<Unit filename="src/globfunction.h" />
		<Unit filename="src/lzss.cc" />
		<Unit filename="src/lzss.h" />
		<Unit filename="src/mdirs.cc" />
		<Unit filename="src/mdirs.h" />
		<Unit filename="src/nvoc.cc" />
		<Unit filename="src/nvoc.h" />
		<Unit filename="src/qbmain.cc" />
		<Unit filename="src/rc32.cc" />
		<Unit filename="src/rc32.h" />
		<Unit filename="src/signature.cc" />
		<Unit filename="src/signature.h" />
		<Unit filename="src/vars.cc" />
		<Unit filename="src/vars.h" />
		<Unit filename="src/version.h" />
		<Extensions>
			<lib_finder disable_auto="1" />
		</Extensions>
	</Project>
</CodeBlocks_project_file>
